{
  "requires": true,
  "lockfileVersion": 1,
  "dependencies": {
    "@angular/material": {
      "version": "11.0.1",
      "resolved": "https://registry.npmjs.org/@angular/material/-/material-11.0.1.tgz",
      "integrity": "sha512-FcGIKgFouA9QHwfbWCj8140gMTEgXV3n/yiYsc4Y8VkMIpEmQQnjoOnf5FRIm0ajTQT4qs6uVyB4opJWoHn/pg==",
      "requires": {
        "tslib": "^2.0.0"
      }
    },
    "@fortawesome/fontawesome-free": {
      "version": "5.15.1",
      "resolved": "https://registry.npmjs.org/@fortawesome/fontawesome-free/-/fontawesome-free-5.15.1.tgz",
      "integrity": "sha512-OEdH7SyC1suTdhBGW91/zBfR6qaIhThbcN8PUXtXilY4GYnSBbVqOntdHbC1vXwsDnX0Qix2m2+DSU1J51ybOQ=="
    },
    "bootstrap": {
      "version": "4.5.3",
      "resolved": "https://registry.npmjs.org/bootstrap/-/bootstrap-4.5.3.tgz",
      "integrity": "sha512-o9ppKQioXGqhw8Z7mah6KdTYpNQY//tipnkxppWhPbiSWdD+1raYsnhwEZjkTHYbGee4cVQ0Rx65EhOY/HNLcQ=="
    },
    "jquery": {
      "version": "3.5.1",
      "resolved": "https://registry.npmjs.org/jquery/-/jquery-3.5.1.tgz",
      "integrity": "sha512-XwIBPqcMn57FxfT+Go5pzySnm4KWkT1Tv7gjrpT1srtf8Weynl6R273VJ5GjkRb51IzMp5nbaPjJXMWeju2MKg=="
    },
    "mdbootstrap": {
      "version": "4.19.2",
      "resolved": "https://registry.npmjs.org/mdbootstrap/-/mdbootstrap-4.19.2.tgz",
      "integrity": "sha512-a+LwPflYRYwlmYKTvftW0X7SfOMrRZ02qZjrssNko1lPU/HR5JRFc1uwa3Dmmw+6TwsYH760waqdghBFrucpOw=="
    },
    "tslib": {
      "version": "2.0.3",
      "resolved": "https://registry.npmjs.org/tslib/-/tslib-2.0.3.tgz",
      "integrity": "sha512-uZtkfKblCEQtZKBF6EBXVZeQNl82yqtDQdv+eck8u7tdPxjLu2/lp5/uPW+um2tpuxINHWy3GhiccY7QgEaVHQ=="
    }
  }
}
